
Microsoft Visual Studio Solution File, Format Version 12.00
# Visual Studio Version 16
VisualStudioVersion = 16.0.30222.8
MinimumVisualStudioVersion = 10.0.40219.1
Project("{9A19103F-16F7-4668-BE54-9A1E7A4F7556}") = "Microsoft.Css.Parser", "src\Microsoft.Css.Parser\Microsoft.Css.Parser.csproj", "{49FB4027-B255-4644-A13C-9BEBC41622D6}"
EndProject
Project("{2150E333-8FDC-42A3-9474-1A3956D46DE8}") = "src", "src", "{84D4F520-0FDB-40C3-87BC-7CE5AD370562}"
EndProject
Project("{2150E333-8FDC-42A3-9474-1A3956D46DE8}") = "test", "test", "{D72D4E24-7C90-435C-ABA6-A0B34E50A04B}"
EndProject
Project("{9A19103F-16F7-4668-BE54-9A1E7A4F7556}") = "Microsoft.Css.Parser.Test", "test\Microsoft.Css.Parser.Test\Microsoft.Css.Parser.Test.csproj", "{76D4A6AB-AC72-46A4-9D31-1B47B4DD27D1}"
EndProject
Global
	GlobalSection(SolutionConfigurationPlatforms) = preSolution
		Debug|Any CPU = Debug|Any CPU
		Release|Any CPU = Release|Any CPU
	EndGlobalSection
	GlobalSection(ProjectConfigurationPlatforms) = postSolution
		{49FB4027-B255-4644-A13C-9BEBC41622D6}.Debug|Any CPU.ActiveCfg = Debug|Any CPU
		{49FB4027-B255-4644-A13C-9BEBC41622D6}.Debug|Any CPU.Build.0 = Debug|Any CPU
		{49FB4027-B255-4644-A13C-9BEBC41622D6}.Release|Any CPU.ActiveCfg = Release|Any CPU
		{49FB4027-B255-4644-A13C-9BEBC41622D6}.Release|Any CPU.Build.0 = Release|Any CPU
		{76D4A6AB-AC72-46A4-9D31-1B47B4DD27D1}.Debug|Any CPU.ActiveCfg = Debug|Any CPU
		{76D4A6AB-AC72-46A4-9D31-1B47B4DD27D1}.Debug|Any CPU.Build.0 = Debug|Any CPU
		{76D4A6AB-AC72-46A4-9D31-1B47B4DD27D1}.Release|Any CPU.ActiveCfg = Release|Any CPU
		{76D4A6AB-AC72-46A4-9D31-1B47B4DD27D1}.Release|Any CPU.Build.0 = Release|Any CPU
	EndGlobalSection
	GlobalSection(SolutionProperties) = preSolution
		HideSolutionNode = FALSE
	EndGlobalSection
	GlobalSection(NestedProjects) = preSolution
		{49FB4027-B255-4644-A13C-9BEBC41622D6} = {84D4F520-0FDB-40C3-87BC-7CE5AD370562}
		{76D4A6AB-AC72-46A4-9D31-1B47B4DD27D1} = {D72D4E24-7C90-435C-ABA6-A0B34E50A04B}
	EndGlobalSection
	GlobalSection(ExtensibilityGlobals) = postSolution
		SolutionGuid = {97816FA4-C7CF-433F-B8A9-401F0C520983}
	EndGlobalSection
EndGlobal
