
Microsoft Visual Studio Solution File, Format Version 12.00
# Visual Studio 15
VisualStudioVersion = 15.0.26228.4
MinimumVisualStudioVersion = 10.0.40219.1
Project("{2150E333-8FDC-42A3-9474-1A3956D46DE8}") = "src", "src", "{F12A74E7-82BA-467A-B873-9719971D3108}"
EndProject
Project("{2150E333-8FDC-42A3-9474-1A3956D46DE8}") = "tests", "tests", "{D472681E-64B2-4C82-A52E-CD9D8930EA60}"
EndProject
Project("{9A19103F-16F7-4668-BE54-9A1E7A4F7556}") = "Microsoft.Web.XmlTransform", "src\Microsoft.Web.XmlTransform\Microsoft.Web.XmlTransform.csproj", "{E5C5B841-7F7D-4736-B467-1EEAA9DB44AB}"
EndProject
Project("{9A19103F-16F7-4668-BE54-9A1E7A4F7556}") = "Microsoft.Web.XmlTransform.Tests", "tests\Microsoft.Web.XmlTransform.Tests\Microsoft.Web.XmlTransform.Tests.csproj", "{0460A8EC-E9A8-41A7-9284-90D009AC96DE}"
EndProject
Global
	GlobalSection(SolutionConfigurationPlatforms) = preSolution
		Debug|Any CPU = Debug|Any CPU
		Release|Any CPU = Release|Any CPU
	EndGlobalSection
	GlobalSection(ProjectConfigurationPlatforms) = postSolution
		{E5C5B841-7F7D-4736-B467-1EEAA9DB44AB}.Debug|Any CPU.ActiveCfg = Debug|Any CPU
		{E5C5B841-7F7D-4736-B467-1EEAA9DB44AB}.Debug|Any CPU.Build.0 = Debug|Any CPU
		{E5C5B841-7F7D-4736-B467-1EEAA9DB44AB}.Release|Any CPU.ActiveCfg = Release|Any CPU
		{E5C5B841-7F7D-4736-B467-1EEAA9DB44AB}.Release|Any CPU.Build.0 = Release|Any CPU
		{0460A8EC-E9A8-41A7-9284-90D009AC96DE}.Debug|Any CPU.ActiveCfg = Debug|Any CPU
		{0460A8EC-E9A8-41A7-9284-90D009AC96DE}.Debug|Any CPU.Build.0 = Debug|Any CPU
		{0460A8EC-E9A8-41A7-9284-90D009AC96DE}.Release|Any CPU.ActiveCfg = Release|Any CPU
		{0460A8EC-E9A8-41A7-9284-90D009AC96DE}.Release|Any CPU.Build.0 = Release|Any CPU
	EndGlobalSection
	GlobalSection(SolutionProperties) = preSolution
		HideSolutionNode = FALSE
	EndGlobalSection
	GlobalSection(NestedProjects) = preSolution
		{E5C5B841-7F7D-4736-B467-1EEAA9DB44AB} = {F12A74E7-82BA-467A-B873-9719971D3108}
		{0460A8EC-E9A8-41A7-9284-90D009AC96DE} = {D472681E-64B2-4C82-A52E-CD9D8930EA60}
	EndGlobalSection
	GlobalSection(ExtensibilityGlobals) = postSolution
		SolutionGuid = {B4AA6D5B-EA53-4BA8-9D05-B4C55C3B4B3D}
	EndGlobalSection
EndGlobal
