
Microsoft Visual Studio Solution File, Format Version 12.00
# Visual Studio Version 16
VisualStudioVersion = 16.0.30804.86
MinimumVisualStudioVersion = 10.0.40219.1
Project("{9A19103F-16F7-4668-BE54-9A1E7A4F7556}") = "Valleysoft.DockerCredsProvider", "Valleysoft.DockerCredsProvider\Valleysoft.DockerCredsProvider.csproj", "{841CA5C1-8D3C-4932-A104-2F1A31B0CB8B}"
EndProject
Project("{9A19103F-16F7-4668-BE54-9A1E7A4F7556}") = "Valleysoft.DockerCredsProvider.Test", "Valleysoft.DockerCredsProvider.Test\Valleysoft.DockerCredsProvider.Test.csproj", "{39B232E3-3E3F-43CD-B8E6-6B9A849FA7CC}"
EndProject
Global
	GlobalSection(SolutionConfigurationPlatforms) = preSolution
		Debug|Any CPU = Debug|Any CPU
		Release|Any CPU = Release|Any CPU
	EndGlobalSection
	GlobalSection(ProjectConfigurationPlatforms) = postSolution
		{841CA5C1-8D3C-4932-A104-2F1A31B0CB8B}.Debug|Any CPU.ActiveCfg = Debug|Any CPU
		{841CA5C1-8D3C-4932-A104-2F1A31B0CB8B}.Debug|Any CPU.Build.0 = Debug|Any CPU
		{841CA5C1-8D3C-4932-A104-2F1A31B0CB8B}.Release|Any CPU.ActiveCfg = Release|Any CPU
		{841CA5C1-8D3C-4932-A104-2F1A31B0CB8B}.Release|Any CPU.Build.0 = Release|Any CPU
		{39B232E3-3E3F-43CD-B8E6-6B9A849FA7CC}.Debug|Any CPU.ActiveCfg = Debug|Any CPU
		{39B232E3-3E3F-43CD-B8E6-6B9A849FA7CC}.Debug|Any CPU.Build.0 = Debug|Any CPU
		{39B232E3-3E3F-43CD-B8E6-6B9A849FA7CC}.Release|Any CPU.ActiveCfg = Release|Any CPU
		{39B232E3-3E3F-43CD-B8E6-6B9A849FA7CC}.Release|Any CPU.Build.0 = Release|Any CPU
	EndGlobalSection
	GlobalSection(SolutionProperties) = preSolution
		HideSolutionNode = FALSE
	EndGlobalSection
	GlobalSection(ExtensibilityGlobals) = postSolution
		SolutionGuid = {E4D28D6C-6DA0-4B6F-8B35-729555009613}
	EndGlobalSection
EndGlobal
