
Microsoft Visual Studio Solution File, Format Version 12.00
# Visual Studio Version 17
VisualStudioVersion = 17.4.32829.479
MinimumVisualStudioVersion = 10.0.40219.1
Project("{9A19103F-16F7-4668-BE54-9A1E7A4F7556}") = "Microsoft.DotNet.ScenarioTests.SdkTemplateTests", "src\Microsoft.DotNet.ScenarioTests.SdkTemplateTests\Microsoft.DotNet.ScenarioTests.SdkTemplateTests.csproj", "{D3CA6916-0CB8-47D0-98B2-2B3EB0291566}"
EndProject
Project("{2150E333-8FDC-42A3-9474-1A3956D46DE8}") = "Microsoft.DotNet.ScenarioTests.Common", "Microsoft.DotNet.ScenarioTests.Common", "{46231ED3-1207-46C6-A047-401EB07D6A63}"
	ProjectSection(SolutionItems) = preProject
		src\Microsoft.DotNet.ScenarioTests.Common\ExecuteHelper.cs = src\Microsoft.DotNet.ScenarioTests.Common\ExecuteHelper.cs
		src\Microsoft.DotNet.ScenarioTests.Common\OperatingSystemFinder.cs = src\Microsoft.DotNet.ScenarioTests.Common\OperatingSystemFinder.cs
		src\Microsoft.DotNet.ScenarioTests.Common\Program.cs = src\Microsoft.DotNet.ScenarioTests.Common\Program.cs
		src\Microsoft.DotNet.ScenarioTests.Common\ScenarioTestFixture.cs = src\Microsoft.DotNet.ScenarioTests.Common\ScenarioTestFixture.cs
	EndProjectSection
EndProject
Global
	GlobalSection(SolutionConfigurationPlatforms) = preSolution
		Debug|Any CPU = Debug|Any CPU
		Release|Any CPU = Release|Any CPU
	EndGlobalSection
	GlobalSection(ProjectConfigurationPlatforms) = postSolution
		{D3CA6916-0CB8-47D0-98B2-2B3EB0291566}.Debug|Any CPU.ActiveCfg = Debug|Any CPU
		{D3CA6916-0CB8-47D0-98B2-2B3EB0291566}.Debug|Any CPU.Build.0 = Debug|Any CPU
		{D3CA6916-0CB8-47D0-98B2-2B3EB0291566}.Release|Any CPU.ActiveCfg = Release|Any CPU
		{D3CA6916-0CB8-47D0-98B2-2B3EB0291566}.Release|Any CPU.Build.0 = Release|Any CPU
	EndGlobalSection
	GlobalSection(SolutionProperties) = preSolution
		HideSolutionNode = FALSE
	EndGlobalSection
	GlobalSection(ExtensibilityGlobals) = postSolution
		SolutionGuid = {53944D67-FACF-4EBC-B466-19AA4E24AF4C}
	EndGlobalSection
EndGlobal
