
Microsoft Visual Studio Solution File, Format Version 12.00
# Visual Studio Version 16
VisualStudioVersion = 16.0.29322.22
MinimumVisualStudioVersion = 15.0.26124.0
Project("{2150E333-8FDC-42A3-9474-1A3956D46DE8}") = "Solution Items", "Solution Items", "{1CE9670B-D5FF-46A7-9D00-24E70E6ED48B}"
	ProjectSection(SolutionItems) = preProject
		.editorconfig = .editorconfig
		Directory.Build.props = Directory.Build.props
		Directory.Build.targets = Directory.Build.targets
		Directory.Packages.props = Directory.Packages.props
		global.json = global.json
		nuget.config = nuget.config
		README.md = README.md
		stylecop.json = stylecop.json
		version.json = version.json
	EndProjectSection
EndProject
Project("{2150E333-8FDC-42A3-9474-1A3956D46DE8}") = "src", "src", "{9E154A29-1796-4B85-BD81-B6A385D8FF71}"
	ProjectSection(SolutionItems) = preProject
		src\.editorconfig = src\.editorconfig
		src\Directory.Build.props = src\Directory.Build.props
		src\Directory.Build.targets = src\Directory.Build.targets
	EndProjectSection
EndProject
Project("{2150E333-8FDC-42A3-9474-1A3956D46DE8}") = "test", "test", "{36CCE840-6FE5-4DB9-A8D5-8CF3CB6D342A}"
	ProjectSection(SolutionItems) = preProject
		test\.editorconfig = test\.editorconfig
		test\Directory.Build.props = test\Directory.Build.props
		test\Directory.Build.targets = test\Directory.Build.targets
	EndProjectSection
EndProject
Project("{2150E333-8FDC-42A3-9474-1A3956D46DE8}") = "src", "src", "{7743A30D-6296-44C3-B8FB-369D37566D94}"
EndProject
Project("{FAE04EC0-301F-11D3-BF4B-00C04F79EFBC}") = "Microsoft.VisualStudio.SolutionPersistence", "src\Microsoft.VisualStudio.SolutionPersistence\Microsoft.VisualStudio.SolutionPersistence.csproj", "{43507C4F-E739-426F-8070-5260D668C3D9}"
EndProject
Project("{2150E333-8FDC-42A3-9474-1A3956D46DE8}") = "test", "test", "{1EBF1959-C483-46AC-ADB6-5D5A72544EDF}"
EndProject
Project("{FAE04EC0-301F-11D3-BF4B-00C04F79EFBC}") = "Microsoft.VisualStudio.SolutionPersistence.Tests", "test\Microsoft.VisualStudio.SolutionPersistence.Tests\Microsoft.VisualStudio.SolutionPersistence.Tests.csproj", "{9D224F03-C60B-49D5-84D9-FAF6913EFB9E}"
EndProject
Global
	GlobalSection(SolutionConfigurationPlatforms) = preSolution
		Debug|Any CPU = Debug|Any CPU
		Release|Any CPU = Release|Any CPU
	EndGlobalSection
	GlobalSection(ProjectConfigurationPlatforms) = postSolution
		{43507C4F-E739-426F-8070-5260D668C3D9}.Debug|Any CPU.ActiveCfg = Debug|Any CPU
		{43507C4F-E739-426F-8070-5260D668C3D9}.Debug|Any CPU.Build.0 = Debug|Any CPU
		{43507C4F-E739-426F-8070-5260D668C3D9}.Release|Any CPU.ActiveCfg = Release|Any CPU
		{43507C4F-E739-426F-8070-5260D668C3D9}.Release|Any CPU.Build.0 = Release|Any CPU
		{9D224F03-C60B-49D5-84D9-FAF6913EFB9E}.Debug|Any CPU.ActiveCfg = Debug|Any CPU
		{9D224F03-C60B-49D5-84D9-FAF6913EFB9E}.Debug|Any CPU.Build.0 = Debug|Any CPU
		{9D224F03-C60B-49D5-84D9-FAF6913EFB9E}.Release|Any CPU.ActiveCfg = Release|Any CPU
		{9D224F03-C60B-49D5-84D9-FAF6913EFB9E}.Release|Any CPU.Build.0 = Release|Any CPU
	EndGlobalSection
	GlobalSection(SolutionProperties) = preSolution
		HideSolutionNode = FALSE
	EndGlobalSection
	GlobalSection(NestedProjects) = preSolution
		{9E154A29-1796-4B85-BD81-B6A385D8FF71} = {1CE9670B-D5FF-46A7-9D00-24E70E6ED48B}
		{36CCE840-6FE5-4DB9-A8D5-8CF3CB6D342A} = {1CE9670B-D5FF-46A7-9D00-24E70E6ED48B}
		{43507C4F-E739-426F-8070-5260D668C3D9} = {7743A30D-6296-44C3-B8FB-369D37566D94}
		{9D224F03-C60B-49D5-84D9-FAF6913EFB9E} = {1EBF1959-C483-46AC-ADB6-5D5A72544EDF}
	EndGlobalSection
	GlobalSection(ExtensibilityGlobals) = postSolution
		SolutionGuid = {E3944F6A-384B-4B0F-B93F-3BD513DC57BD}
	EndGlobalSection
EndGlobal
