
Microsoft Visual Studio Solution File, Format Version 12.00
# Visual Studio Version 17
VisualStudioVersion = 17.1.32111.311
MinimumVisualStudioVersion = 10.0.40219.1
Project("{9A19103F-16F7-4668-BE54-9A1E7A4F7556}") = "Microsoft.DotNet.Test.ProjectTemplates.3.1", "Microsoft.DotNet.Test.ProjectTemplates.3.1\Microsoft.DotNet.Test.ProjectTemplates.3.1.csproj", "{13806DA8-0CFE-4737-9F4B-8DF190934D68}"
EndProject
Project("{9A19103F-16F7-4668-BE54-9A1E7A4F7556}") = "Microsoft.DotNet.Test.ProjectTemplates.5.0", "Microsoft.DotNet.Test.ProjectTemplates.5.0\Microsoft.DotNet.Test.ProjectTemplates.5.0.csproj", "{4FF81B55-C366-4113-8462-EB3A13A2892F}"
EndProject
Project("{9A19103F-16F7-4668-BE54-9A1E7A4F7556}") = "Microsoft.DotNet.Test.ProjectTemplates.6.0", "Microsoft.DotNet.Test.ProjectTemplates.6.0\Microsoft.DotNet.Test.ProjectTemplates.6.0.csproj", "{3A8C7801-14A5-4361-A557-2B0233F52C06}"
EndProject
Project("{9A19103F-16F7-4668-BE54-9A1E7A4F7556}") = "Microsoft.DotNet.Test.ProjectTemplates.7.0", "Microsoft.DotNet.Test.ProjectTemplates.7.0\Microsoft.DotNet.Test.ProjectTemplates.7.0.csproj", "{305FAF98-218D-45D6-840E-17BF8FE199AF}"
EndProject
Project("{9A19103F-16F7-4668-BE54-9A1E7A4F7556}") = "Microsoft.DotNet.Test.ProjectTemplates.8.0", "Microsoft.DotNet.Test.ProjectTemplates.8.0\Microsoft.DotNet.Test.ProjectTemplates.8.0.csproj", "{15BE3D4B-2E66-47DA-988F-DA12BF37CBBC}"
EndProject
Global
	GlobalSection(SolutionConfigurationPlatforms) = preSolution
		Debug|Any CPU = Debug|Any CPU
		Release|Any CPU = Release|Any CPU
	EndGlobalSection
	GlobalSection(ProjectConfigurationPlatforms) = postSolution
		{13806DA8-0CFE-4737-9F4B-8DF190934D68}.Debug|Any CPU.ActiveCfg = Debug|Any CPU
		{13806DA8-0CFE-4737-9F4B-8DF190934D68}.Debug|Any CPU.Build.0 = Debug|Any CPU
		{13806DA8-0CFE-4737-9F4B-8DF190934D68}.Release|Any CPU.ActiveCfg = Release|Any CPU
		{13806DA8-0CFE-4737-9F4B-8DF190934D68}.Release|Any CPU.Build.0 = Release|Any CPU
		{4FF81B55-C366-4113-8462-EB3A13A2892F}.Debug|Any CPU.ActiveCfg = Debug|Any CPU
		{4FF81B55-C366-4113-8462-EB3A13A2892F}.Debug|Any CPU.Build.0 = Debug|Any CPU
		{4FF81B55-C366-4113-8462-EB3A13A2892F}.Release|Any CPU.ActiveCfg = Release|Any CPU
		{4FF81B55-C366-4113-8462-EB3A13A2892F}.Release|Any CPU.Build.0 = Release|Any CPU
		{3A8C7801-14A5-4361-A557-2B0233F52C06}.Debug|Any CPU.ActiveCfg = Debug|Any CPU
		{3A8C7801-14A5-4361-A557-2B0233F52C06}.Debug|Any CPU.Build.0 = Debug|Any CPU
		{3A8C7801-14A5-4361-A557-2B0233F52C06}.Release|Any CPU.ActiveCfg = Release|Any CPU
		{3A8C7801-14A5-4361-A557-2B0233F52C06}.Release|Any CPU.Build.0 = Release|Any CPU
		{305FAF98-218D-45D6-840E-17BF8FE199AF}.Debug|Any CPU.ActiveCfg = Debug|Any CPU
		{305FAF98-218D-45D6-840E-17BF8FE199AF}.Debug|Any CPU.Build.0 = Debug|Any CPU
		{305FAF98-218D-45D6-840E-17BF8FE199AF}.Release|Any CPU.ActiveCfg = Release|Any CPU
		{305FAF98-218D-45D6-840E-17BF8FE199AF}.Release|Any CPU.Build.0 = Release|Any CPU
		{15BE3D4B-2E66-47DA-988F-DA12BF37CBBC}.Debug|Any CPU.ActiveCfg = Debug|Any CPU
		{15BE3D4B-2E66-47DA-988F-DA12BF37CBBC}.Debug|Any CPU.Build.0 = Debug|Any CPU
		{15BE3D4B-2E66-47DA-988F-DA12BF37CBBC}.Release|Any CPU.ActiveCfg = Release|Any CPU
		{15BE3D4B-2E66-47DA-988F-DA12BF37CBBC}.Release|Any CPU.Build.0 = Release|Any CPU
	EndGlobalSection
	GlobalSection(SolutionProperties) = preSolution
		HideSolutionNode = FALSE
	EndGlobalSection
	GlobalSection(ExtensibilityGlobals) = postSolution
		SolutionGuid = {C4C58C4F-1CEA-4EAA-B0AB-ECD91CABF56F}
	EndGlobalSection
EndGlobal
